
Microsoft Visual Studio Solution File, Format Version 12.00
# Visual Studio Version 16
VisualStudioVersion = 16.0.31005.135
MinimumVisualStudioVersion = 10.0.40219.1
Project("{FAE04EC0-301F-11D3-BF4B-00C04F79EFBC}") = "Labi", "Labi\Labi.csproj", "{F1D2D115-D4A4-4C24-ABCA-407133901BEE}"
EndProject
Global
	GlobalSection(SolutionConfigurationPlatforms) = preSolution
		Debug|Any CPU = Debug|Any CPU
		Release|Any CPU = Release|Any CPU
	EndGlobalSection
	GlobalSection(ProjectConfigurationPlatforms) = postSolution
		{F1D2D115-D4A4-4C24-ABCA-407133901BEE}.Debug|Any CPU.ActiveCfg = Debug|Any CPU
		{F1D2D115-D4A4-4C24-ABCA-407133901BEE}.Debug|Any CPU.Build.0 = Debug|Any CPU
		{F1D2D115-D4A4-4C24-ABCA-407133901BEE}.Release|Any CPU.ActiveCfg = Release|Any CPU
		{F1D2D115-D4A4-4C24-ABCA-407133901BEE}.Release|Any CPU.Build.0 = Release|Any CPU
	EndGlobalSection
	GlobalSection(SolutionProperties) = preSolution
		HideSolutionNode = FALSE
	EndGlobalSection
	GlobalSection(ExtensibilityGlobals) = postSolution
		SolutionGuid = {75512E46-FC7D-47EB-A6C2-F86EC5261E0D}
	EndGlobalSection
EndGlobal
